Microsoft Visual Studio Solution File, Format Version 11.00
# Visual Studio 2008

Project("{C14BAEAF-50FA-6FBE-B9FC-672473BCFB3C}") = "Threes", "Assembly-CSharp-vs.csproj", "{6071C7EF-CE7A-8398-1D81-93A236D2035B}"
EndProject
Project("{C14BAEAF-50FA-6FBE-B9FC-672473BCFB3C}") = "Threes", "Assembly-CSharp-Editor-vs.csproj", "{32841204-51BA-94C3-37A9-93CE194840BE}"
EndProject
Global
	GlobalSection(SolutionConfigurationPlatforms) = preSolution
		Debug|Any CPU = Debug|Any CPU
		Release|Any CPU = Release|Any CPU
	EndGlobalSection
	GlobalSection(ProjectConfigurationPlatforms) = postSolution
		{6071C7EF-CE7A-8398-1D81-93A236D2035B}.Debug|Any CPU.ActiveCfg = Debug|Any CPU
		{6071C7EF-CE7A-8398-1D81-93A236D2035B}.Debug|Any CPU.Build.0 = Debug|Any CPU
		{6071C7EF-CE7A-8398-1D81-93A236D2035B}.Release|Any CPU.ActiveCfg = Release|Any CPU
		{6071C7EF-CE7A-8398-1D81-93A236D2035B}.Release|Any CPU.Build.0 = Release|Any CPU
		{32841204-51BA-94C3-37A9-93CE194840BE}.Debug|Any CPU.ActiveCfg = Debug|Any CPU
		{32841204-51BA-94C3-37A9-93CE194840BE}.Debug|Any CPU.Build.0 = Debug|Any CPU
		{32841204-51BA-94C3-37A9-93CE194840BE}.Release|Any CPU.ActiveCfg = Release|Any CPU
		{32841204-51BA-94C3-37A9-93CE194840BE}.Release|Any CPU.Build.0 = Release|Any CPU
	EndGlobalSection
	GlobalSection(SolutionProperties) = preSolution
		HideSolutionNode = FALSE
	EndGlobalSection
																																		GlobalSection(MonoDevelopProperties) = preSolution
		StartupItem = Assembly-CSharp.csproj
		Policies = $0
		$0.TextStylePolicy = $1
		$1.inheritsSet = null
		$1.scope = text/x-csharp
		$0.CSharpFormattingPolicy = $2
		$2.inheritsSet = Mono
		$2.inheritsScope = text/x-csharp
		$2.scope = text/x-csharp
		$0.TextStylePolicy = $3
		$3.FileWidth = 120
		$3.TabWidth = 4
		$3.EolMarker = Unix
		$3.inheritsSet = Mono
		$3.inheritsScope = text/plain
		$3.scope = text/plain
	EndGlobalSection

EndGlobal
